
Microsoft Visual Studio Solution File, Format Version 12.00
# Visual Studio 15
VisualStudioVersion = 15.0.27130.2036
MinimumVisualStudioVersion = 10.0.40219.1
Project("{FAE04EC0-301F-11D3-BF4B-00C04F79EFBC}") = "TaxiParkApp.Android", "TaxiParkApp\TaxiParkApp.Android\TaxiParkApp.Android.csproj", "{8A39C2C2-A77D-4854-A8C4-590739F24DB7}"
EndProject
Project("{FAE04EC0-301F-11D3-BF4B-00C04F79EFBC}") = "TaxiParkApp.iOS", "TaxiParkApp\TaxiParkApp.iOS\TaxiParkApp.iOS.csproj", "{36FF576F-845C-4438-8CF4-51A6870B5F47}"
EndProject
Project("{D954291E-2A0B-460D-934E-DC6B0785DB48}") = "TaxiParkApp", "TaxiParkApp\TaxiParkApp\TaxiParkApp.shproj", "{E6FEBA03-C2B2-4EDE-BB70-9F4098FDCD96}"
EndProject
Global
	GlobalSection(SharedMSBuildProjectFiles) = preSolution
		TaxiParkApp\TaxiParkApp\TaxiParkApp.projitems*{36ff576f-845c-4438-8cf4-51a6870b5f47}*SharedItemsImports = 4
		TaxiParkApp\TaxiParkApp\TaxiParkApp.projitems*{8a39c2c2-a77d-4854-a8c4-590739f24db7}*SharedItemsImports = 4
		TaxiParkApp\TaxiParkApp\TaxiParkApp.projitems*{e6feba03-c2b2-4ede-bb70-9f4098fdcd96}*SharedItemsImports = 13
	EndGlobalSection
	GlobalSection(SolutionConfigurationPlatforms) = preSolution
		Ad-Hoc|Any CPU = Ad-Hoc|Any CPU
		Ad-Hoc|iPhone = Ad-Hoc|iPhone
		Ad-Hoc|iPhoneSimulator = Ad-Hoc|iPhoneSimulator
		AppStore|Any CPU = AppStore|Any CPU
		AppStore|iPhone = AppStore|iPhone
		AppStore|iPhoneSimulator = AppStore|iPhoneSimulator
		Debug|Any CPU = Debug|Any CPU
		Debug|iPhone = Debug|iPhone
		Debug|iPhoneSimulator = Debug|iPhoneSimulator
		Release|Any CPU = Release|Any CPU
		Release|iPhone = Release|iPhone
		Release|iPhoneSimulator = Release|iPhoneSimulator
	EndGlobalSection
	GlobalSection(ProjectConfigurationPlatforms) = postSolution
		{8A39C2C2-A77D-4854-A8C4-590739F24DB7}.Ad-Hoc|Any CPU.ActiveCfg = Release|Any CPU
		{8A39C2C2-A77D-4854-A8C4-590739F24DB7}.Ad-Hoc|Any CPU.Build.0 = Release|Any CPU
		{8A39C2C2-A77D-4854-A8C4-590739F24DB7}.Ad-Hoc|Any CPU.Deploy.0 = Release|Any CPU
		{8A39C2C2-A77D-4854-A8C4-590739F24DB7}.Ad-Hoc|iPhone.ActiveCfg = Release|Any CPU
		{8A39C2C2-A77D-4854-A8C4-590739F24DB7}.Ad-Hoc|iPhone.Build.0 = Release|Any CPU
		{8A39C2C2-A77D-4854-A8C4-590739F24DB7}.Ad-Hoc|iPhone.Deploy.0 = Release|Any CPU
		{8A39C2C2-A77D-4854-A8C4-590739F24DB7}.Ad-Hoc|iPhoneSimulator.ActiveCfg = Release|Any CPU
		{8A39C2C2-A77D-4854-A8C4-590739F24DB7}.Ad-Hoc|iPhoneSimulator.Build.0 = Release|Any CPU
		{8A39C2C2-A77D-4854-A8C4-590739F24DB7}.Ad-Hoc|iPhoneSimulator.Deploy.0 = Release|Any CPU
		{8A39C2C2-A77D-4854-A8C4-590739F24DB7}.AppStore|Any CPU.ActiveCfg = Release|Any CPU
		{8A39C2C2-A77D-4854-A8C4-590739F24DB7}.AppStore|Any CPU.Build.0 = Release|Any CPU
		{8A39C2C2-A77D-4854-A8C4-590739F24DB7}.AppStore|Any CPU.Deploy.0 = Release|Any CPU
		{8A39C2C2-A77D-4854-A8C4-590739F24DB7}.AppStore|iPhone.ActiveCfg = Release|Any CPU
		{8A39C2C2-A77D-4854-A8C4-590739F24DB7}.AppStore|iPhone.Build.0 = Release|Any CPU
		{8A39C2C2-A77D-4854-A8C4-590739F24DB7}.AppStore|iPhone.Deploy.0 = Release|Any CPU
		{8A39C2C2-A77D-4854-A8C4-590739F24DB7}.AppStore|iPhoneSimulator.ActiveCfg = Release|Any CPU
		{8A39C2C2-A77D-4854-A8C4-590739F24DB7}.AppStore|iPhoneSimulator.Build.0 = Release|Any CPU
		{8A39C2C2-A77D-4854-A8C4-590739F24DB7}.AppStore|iPhoneSimulator.Deploy.0 = Release|Any CPU
		{8A39C2C2-A77D-4854-A8C4-590739F24DB7}.Debug|Any CPU.ActiveCfg = Debug|Any CPU
		{8A39C2C2-A77D-4854-A8C4-590739F24DB7}.Debug|Any CPU.Build.0 = Debug|Any CPU
		{8A39C2C2-A77D-4854-A8C4-590739F24DB7}.Debug|Any CPU.Deploy.0 = Debug|Any CPU
		{8A39C2C2-A77D-4854-A8C4-590739F24DB7}.Debug|iPhone.ActiveCfg = Debug|Any CPU
		{8A39C2C2-A77D-4854-A8C4-590739F24DB7}.Debug|iPhone.Build.0 = Debug|Any CPU
		{8A39C2C2-A77D-4854-A8C4-590739F24DB7}.Debug|iPhone.Deploy.0 = Debug|Any CPU
		{8A39C2C2-A77D-4854-A8C4-590739F24DB7}.Debug|iPhoneSimulator.ActiveCfg = Debug|Any CPU
		{8A39C2C2-A77D-4854-A8C4-590739F24DB7}.Debug|iPhoneSimulator.Build.0 = Debug|Any CPU
		{8A39C2C2-A77D-4854-A8C4-590739F24DB7}.Debug|iPhoneSimulator.Deploy.0 = Debug|Any CPU
		{8A39C2C2-A77D-4854-A8C4-590739F24DB7}.Release|Any CPU.ActiveCfg = Release|Any CPU
		{8A39C2C2-A77D-4854-A8C4-590739F24DB7}.Release|Any CPU.Build.0 = Release|Any CPU
		{8A39C2C2-A77D-4854-A8C4-590739F24DB7}.Release|Any CPU.Deploy.0 = Release|Any CPU
		{8A39C2C2-A77D-4854-A8C4-590739F24DB7}.Release|iPhone.ActiveCfg = Release|Any CPU
		{8A39C2C2-A77D-4854-A8C4-590739F24DB7}.Release|iPhone.Build.0 = Release|Any CPU
		{8A39C2C2-A77D-4854-A8C4-590739F24DB7}.Release|iPhone.Deploy.0 = Release|Any CPU
		{8A39C2C2-A77D-4854-A8C4-590739F24DB7}.Release|iPhoneSimulator.ActiveCfg = Release|Any CPU
		{8A39C2C2-A77D-4854-A8C4-590739F24DB7}.Release|iPhoneSimulator.Build.0 = Release|Any CPU
		{8A39C2C2-A77D-4854-A8C4-590739F24DB7}.Release|iPhoneSimulator.Deploy.0 = Release|Any CPU
		{36FF576F-845C-4438-8CF4-51A6870B5F47}.Ad-Hoc|Any CPU.ActiveCfg = Ad-Hoc|iPhone
		{36FF576F-845C-4438-8CF4-51A6870B5F47}.Ad-Hoc|iPhone.ActiveCfg = Ad-Hoc|iPhone
		{36FF576F-845C-4438-8CF4-51A6870B5F47}.Ad-Hoc|iPhone.Build.0 = Ad-Hoc|iPhone
		{36FF576F-845C-4438-8CF4-51A6870B5F47}.Ad-Hoc|iPhoneSimulator.ActiveCfg = Ad-Hoc|iPhone
		{36FF576F-845C-4438-8CF4-51A6870B5F47}.Ad-Hoc|iPhoneSimulator.Build.0 = Ad-Hoc|iPhone
		{36FF576F-845C-4438-8CF4-51A6870B5F47}.AppStore|Any CPU.ActiveCfg = AppStore|iPhone
		{36FF576F-845C-4438-8CF4-51A6870B5F47}.AppStore|iPhone.ActiveCfg = AppStore|iPhone
		{36FF576F-845C-4438-8CF4-51A6870B5F47}.AppStore|iPhone.Build.0 = AppStore|iPhone
		{36FF576F-845C-4438-8CF4-51A6870B5F47}.AppStore|iPhoneSimulator.ActiveCfg = AppStore|iPhoneSimulator
		{36FF576F-845C-4438-8CF4-51A6870B5F47}.AppStore|iPhoneSimulator.Build.0 = AppStore|iPhoneSimulator
		{36FF576F-845C-4438-8CF4-51A6870B5F47}.Debug|Any CPU.ActiveCfg = Debug|iPhone
		{36FF576F-845C-4438-8CF4-51A6870B5F47}.Debug|iPhone.ActiveCfg = Debug|iPhone
		{36FF576F-845C-4438-8CF4-51A6870B5F47}.Debug|iPhone.Build.0 = Debug|iPhone
		{36FF576F-845C-4438-8CF4-51A6870B5F47}.Debug|iPhoneSimulator.ActiveCfg = Debug|iPhoneSimulator
		{36FF576F-845C-4438-8CF4-51A6870B5F47}.Debug|iPhoneSimulator.Build.0 = Debug|iPhoneSimulator
		{36FF576F-845C-4438-8CF4-51A6870B5F47}.Release|Any CPU.ActiveCfg = Release|iPhone
		{36FF576F-845C-4438-8CF4-51A6870B5F47}.Release|iPhone.ActiveCfg = Release|iPhone
		{36FF576F-845C-4438-8CF4-51A6870B5F47}.Release|iPhone.Build.0 = Release|iPhone
		{36FF576F-845C-4438-8CF4-51A6870B5F47}.Release|iPhoneSimulator.ActiveCfg = Release|iPhoneSimulator
		{36FF576F-845C-4438-8CF4-51A6870B5F47}.Release|iPhoneSimulator.Build.0 = Release|iPhoneSimulator
	EndGlobalSection
	GlobalSection(SolutionProperties) = preSolution
		HideSolutionNode = FALSE
	EndGlobalSection
	GlobalSection(ExtensibilityGlobals) = postSolution
		SolutionGuid = {8D8A7968-2A18-4EAD-8464-107E91FCEA1F}
	EndGlobalSection
EndGlobal
